
Microsoft Visual Studio Solution File, Format Version 12.00
# Visual Studio Version 17
VisualStudioVersion = 17.10.35122.118
MinimumVisualStudioVersion = 10.0.40219.1
Project("{FAE04EC0-301F-11D3-BF4B-00C04F79EFBC}") = "WebCliente", "WebCliente\WebCliente.csproj", "{9DD80142-8E3F-412E-8BE1-2AE024C085BA}"
EndProject
Global
	GlobalSection(SolutionConfigurationPlatforms) = preSolution
		Debug|Any CPU = Debug|Any CPU
		Release|Any CPU = Release|Any CPU
	EndGlobalSection
	GlobalSection(ProjectConfigurationPlatforms) = postSolution
		{9DD80142-8E3F-412E-8BE1-2AE024C085BA}.Debug|Any CPU.ActiveCfg = Debug|Any CPU
		{9DD80142-8E3F-412E-8BE1-2AE024C085BA}.Debug|Any CPU.Build.0 = Debug|Any CPU
		{9DD80142-8E3F-412E-8BE1-2AE024C085BA}.Release|Any CPU.ActiveCfg = Release|Any CPU
		{9DD80142-8E3F-412E-8BE1-2AE024C085BA}.Release|Any CPU.Build.0 = Release|Any CPU
	EndGlobalSection
	GlobalSection(SolutionProperties) = preSolution
		HideSolutionNode = FALSE
	EndGlobalSection
	GlobalSection(ExtensibilityGlobals) = postSolution
		SolutionGuid = {90A23261-CECA-406B-BB0A-6B4B74D32B6C}
	EndGlobalSection
EndGlobal
